// !$*UTF8*$!
{
	archiveVersion = 1;
	classes = {
	};
	objectVersion = 46;
	objects = {

/* Begin PBXBuildFile section */
		591B74F227F9339300D75BEF /* riku6weak_multi.csv in Resources */ = {isa = PBXBuildFile; fileRef = 591B74F127F9339300D75BEF /* riku6weak_multi.csv */; };
		591B74F427F933A700D75BEF /* riku6strong_multi.csv in Resources */ = {isa = PBXBuildFile; fileRef = 591B74F327F933A700D75BEF /* riku6strong_multi.csv */; };
		593C668D1DCEB31500405F53 /* kokuminhogo1.txt in Resources */ = {isa = PBXBuildFile; fileRef = 593C66881DCEB31500405F53 /* kokuminhogo1.txt */; };
		593C668E1DCEB31500405F53 /* kokuminhogo2.txt in Resources */ = {isa = PBXBuildFile; fileRef = 593C66891DCEB31500405F53 /* kokuminhogo2.txt */; };
		593C668F1DCEB31500405F53 /* kokuminhogo3.txt in Resources */ = {isa = PBXBuildFile; fileRef = 593C668A1DCEB31500405F53 /* kokuminhogo3.txt */; };
		593C66901DCEB31500405F53 /* kokuminhogo4.txt in Resources */ = {isa = PBXBuildFile; fileRef = 593C668B1DCEB31500405F53 /* kokuminhogo4.txt */; };
		593C66911DCEB31500405F53 /* kokuminhogo5.txt in Resources */ = {isa = PBXBuildFile; fileRef = 593C668C1DCEB31500405F53 /* kokuminhogo5.txt */; };
		594CA3401DFD87C900FF8714 /* typhoon1.txt in Resources */ = {isa = PBXBuildFile; fileRef = 594CA33F1DFD87C900FF8714 /* typhoon1.txt */; };
		594DDA491D9747110078EE72 /* caution.txt in Resources */ = {isa = PBXBuildFile; fileRef = 594DDA481D9747110078EE72 /* caution.txt */; };
		594DDA4B1D9F50D40078EE72 /* InfoDialog.swift in Sources */ = {isa = PBXBuildFile; fileRef = 594DDA4A1D9F50D40078EE72 /* InfoDialog.swift */; };
		5952337E1E741A2000FC8CE8 /* Guide5Dialog.swift in Sources */ = {isa = PBXBuildFile; fileRef = 5952337D1E741A2000FC8CE8 /* Guide5Dialog.swift */; };
		595233801E741B2200FC8CE8 /* guide51.png in Resources */ = {isa = PBXBuildFile; fileRef = 5952337F1E741B2200FC8CE8 /* guide51.png */; };
		595233821E741B2800FC8CE8 /* guide52.png in Resources */ = {isa = PBXBuildFile; fileRef = 595233811E741B2800FC8CE8 /* guide52.png */; };
		595233841E741B2E00FC8CE8 /* guide53.png in Resources */ = {isa = PBXBuildFile; fileRef = 595233831E741B2E00FC8CE8 /* guide53.png */; };
		5960D68022056743005E512C /* KinentaiSelectDialog3.swift in Sources */ = {isa = PBXBuildFile; fileRef = 5960D67F22056743005E512C /* KinentaiSelectDialog3.swift */; };
		5960D6842205C384005E512C /* KinentaiResultDialog31.swift in Sources */ = {isa = PBXBuildFile; fileRef = 5960D6832205C384005E512C /* KinentaiResultDialog31.swift */; };
		5960D68622067431005E512C /* KinentaiResultDialog32.swift in Sources */ = {isa = PBXBuildFile; fileRef = 5960D68522067431005E512C /* KinentaiResultDialog32.swift */; };
		5960D6882206AD2A005E512C /* KinentaiResultDialog33.swift in Sources */ = {isa = PBXBuildFile; fileRef = 5960D6872206AD2A005E512C /* KinentaiResultDialog33.swift */; };
		5960E60D1E45F8D000D1917A /* FMDatabase.m in Sources */ = {isa = PBXBuildFile; fileRef = 5960E6021E45F8D000D1917A /* FMDatabase.m */; };
		5960E60E1E45F8D000D1917A /* FMDatabaseAdditions.m in Sources */ = {isa = PBXBuildFile; fileRef = 5960E6041E45F8D000D1917A /* FMDatabaseAdditions.m */; };
		5960E60F1E45F8D000D1917A /* FMDatabasePool.m in Sources */ = {isa = PBXBuildFile; fileRef = 5960E6061E45F8D000D1917A /* FMDatabasePool.m */; };
		5960E6101E45F8D000D1917A /* FMDatabaseQueue.m in Sources */ = {isa = PBXBuildFile; fileRef = 5960E6081E45F8D000D1917A /* FMDatabaseQueue.m */; };
		5960E6111E45F8D000D1917A /* FMResultSet.m in Sources */ = {isa = PBXBuildFile; fileRef = 5960E60B1E45F8D000D1917A /* FMResultSet.m */; };
		5960E6141E45FB4200D1917A /* libsqlite3.tbd in Frameworks */ = {isa = PBXBuildFile; fileRef = 5960E6131E45FB4200D1917A /* libsqlite3.tbd */; };
		5960EB781E46C52900D1917A /* DBHelper.swift in Sources */ = {isa = PBXBuildFile; fileRef = 5960EB771E46C52900D1917A /* DBHelper.swift */; };
		5960EB7A1E46C7BD00D1917A /* StringExtensions.swift in Sources */ = {isa = PBXBuildFile; fileRef = 5960EB791E46C7BD00D1917A /* StringExtensions.swift */; };
		59701BC2272E1FD100880366 /* KinentaiResultRialogMulti.swift in Sources */ = {isa = PBXBuildFile; fileRef = 59701BC1272E1FD100880366 /* KinentaiResultRialogMulti.swift */; };
		59701BC4272E5D3800880366 /* riku7_multi.csv in Resources */ = {isa = PBXBuildFile; fileRef = 59701BC3272E5D3800880366 /* riku7_multi.csv */; };
		59701BCC272E5D6D00880366 /* kaiiki6weak_multi.csv in Resources */ = {isa = PBXBuildFile; fileRef = 59701BCB272E5D6D00880366 /* kaiiki6weak_multi.csv */; };
		59701BD0272E5D8C00880366 /* otsunami_multi.csv in Resources */ = {isa = PBXBuildFile; fileRef = 59701BCF272E5D8C00880366 /* otsunami_multi.csv */; };
		597FD1161E2113E50011ABB1 /* ViewController.swift in Sources */ = {isa = PBXBuildFile; fileRef = 597FD1151E2113E50011ABB1 /* ViewController.swift */; };
		597FD1181E21DB780011ABB1 /* typhoon_caution.txt in Resources */ = {isa = PBXBuildFile; fileRef = 597FD1171E21DB780011ABB1 /* typhoon_caution.txt */; };
		597FD11A1E21DB820011ABB1 /* kokuminhogo_caution.txt in Resources */ = {isa = PBXBuildFile; fileRef = 597FD1191E21DB820011ABB1 /* kokuminhogo_caution.txt */; };
		597FD11C1E21E44C0011ABB1 /* KinentaiSelectDialog.swift in Sources */ = {isa = PBXBuildFile; fileRef = 597FD11B1E21E44C0011ABB1 /* KinentaiSelectDialog.swift */; };
		597FD11E1E29CD4D0011ABB1 /* KinentaiSelectDialog2.swift in Sources */ = {isa = PBXBuildFile; fileRef = 597FD11D1E29CD4D0011ABB1 /* KinentaiSelectDialog2.swift */; };
		597FD1201E2A7AAA0011ABB1 /* CustomUICollectionViewCell.swift in Sources */ = {isa = PBXBuildFile; fileRef = 597FD11F1E2A7AAA0011ABB1 /* CustomUICollectionViewCell.swift */; };
		597FD1221E2B1F4F0011ABB1 /* KinentaiResultDialog.swift in Sources */ = {isa = PBXBuildFile; fileRef = 597FD1211E2B1F4F0011ABB1 /* KinentaiResultDialog.swift */; };
		597FD1341E2BB4340011ABB1 /* nbc.csv in Resources */ = {isa = PBXBuildFile; fileRef = 597FD12F1E2BB4340011ABB1 /* nbc.csv */; };
		597FD1361E2D0F0E0011ABB1 /* kinentai_tounankai.txt in Resources */ = {isa = PBXBuildFile; fileRef = 597FD1351E2D0F0E0011ABB1 /* kinentai_tounankai.txt */; };
		597FD1381E2D0F150011ABB1 /* kinentai_syutochokka.txt in Resources */ = {isa = PBXBuildFile; fileRef = 597FD1371E2D0F150011ABB1 /* kinentai_syutochokka.txt */; };
		597FD13A1E2D0F1F0011ABB1 /* kinentai_toukai.txt in Resources */ = {isa = PBXBuildFile; fileRef = 597FD1391E2D0F1F0011ABB1 /* kinentai_toukai.txt */; };
		597FD13C1E2D0F550011ABB1 /* kinentai_nankaitraf.txt in Resources */ = {isa = PBXBuildFile; fileRef = 597FD13B1E2D0F550011ABB1 /* kinentai_nankaitraf.txt */; };
		597FD13E1E2D0F620011ABB1 /* kinentai_nankaitraf2.txt in Resources */ = {isa = PBXBuildFile; fileRef = 597FD13D1E2D0F620011ABB1 /* kinentai_nankaitraf2.txt */; };
		597FD1401E2EF3CF0011ABB1 /* KinentaiNankaitraf1.swift in Sources */ = {isa = PBXBuildFile; fileRef = 597FD13F1E2EF3CF0011ABB1 /* KinentaiNankaitraf1.swift */; };
		597FD1421E2EF3EA0011ABB1 /* KinentaiNankaitraf2.swift in Sources */ = {isa = PBXBuildFile; fileRef = 597FD1411E2EF3EA0011ABB1 /* KinentaiNankaitraf2.swift */; };
		597FD1441E2EFC290011ABB1 /* nankaitraf_case2.txt in Resources */ = {isa = PBXBuildFile; fileRef = 597FD1431E2EFC290011ABB1 /* nankaitraf_case2.txt */; };
		597FD1461E2F053F0011ABB1 /* BousainetDialog.swift in Sources */ = {isa = PBXBuildFile; fileRef = 597FD1451E2F053F0011ABB1 /* BousainetDialog.swift */; };
		598AC8DF1D850AE6006842C8 /* AppDelegate.swift in Sources */ = {isa = PBXBuildFile; fileRef = 598AC8DE1D850AE6006842C8 /* AppDelegate.swift */; };
		598AC8E11D850AE6006842C8 /* KinentaiViewController.swift in Sources */ = {isa = PBXBuildFile; fileRef = 598AC8E01D850AE6006842C8 /* KinentaiViewController.swift */; };
		598AC8E41D850AE6006842C8 /* Main.storyboard in Resources */ = {isa = PBXBuildFile; fileRef = 598AC8E21D850AE6006842C8 /* Main.storyboard */; };
		598AC8E91D850AE6006842C8 /* Assets.xcassets in Resources */ = {isa = PBXBuildFile; fileRef = 598AC8E81D850AE6006842C8 /* Assets.xcassets */; };
		598AC8EC1D850AE6006842C8 /* LaunchScreen.storyboard in Resources */ = {isa = PBXBuildFile; fileRef = 598AC8EA1D850AE6006842C8 /* LaunchScreen.storyboard */; };
		599CBAB32712CE530005A151 /* KinentaiSelectDialog2Multi.swift in Sources */ = {isa = PBXBuildFile; fileRef = 599CBAB22712CE530005A151 /* KinentaiSelectDialog2Multi.swift */; };
		599CBAB52712D9960005A151 /* KinentaiSelectDialogSingleMultiple.swift in Sources */ = {isa = PBXBuildFile; fileRef = 599CBAB42712D9960005A151 /* KinentaiSelectDialogSingleMultiple.swift */; };
		59AC16601E6267A100BBB28F /* GuideViewController.swift in Sources */ = {isa = PBXBuildFile; fileRef = 59AC165F1E6267A100BBB28F /* GuideViewController.swift */; };
		59AC16621E6BF80B00BBB28F /* purpose.txt in Resources */ = {isa = PBXBuildFile; fileRef = 59AC16611E6BF80B00BBB28F /* purpose.txt */; };
		59B7FC8E1E3AC07E002D4392 /* MessageUI.framework in Frameworks */ = {isa = PBXBuildFile; fileRef = 59B7FC8D1E3AC07E002D4392 /* MessageUI.framework */; };
		59D8AEDB1E5090D400A3EDE2 /* kokuminhogo_keikakutaisyo.txt in Resources */ = {isa = PBXBuildFile; fileRef = 59D8AEDA1E5090D400A3EDE2 /* kokuminhogo_keikakutaisyo.txt */; };
		59D8AEF61E6131C800A3EDE2 /* ic_check_box_outline_blank.png in Resources */ = {isa = PBXBuildFile; fileRef = 59D8AEF41E6131C800A3EDE2 /* ic_check_box_outline_blank.png */; };
		59D8AEF71E6131C800A3EDE2 /* ic_check_box.png in Resources */ = {isa = PBXBuildFile; fileRef = 59D8AEF51E6131C800A3EDE2 /* ic_check_box.png */; };
		59F6407224553AF200A39423 /* ViewController2.swift in Sources */ = {isa = PBXBuildFile; fileRef = 59F6407124553AF200A39423 /* ViewController2.swift */; };
		926A11FB215B1D3E00ABE76D /* kinentai_shutochokka110.txt in Resources */ = {isa = PBXBuildFile; fileRef = 926A11F1215B1D3D00ABE76D /* kinentai_shutochokka110.txt */; };
		926A11FC215B1D3E00ABE76D /* kinentai_shutochokka112.txt in Resources */ = {isa = PBXBuildFile; fileRef = 926A11F2215B1D3D00ABE76D /* kinentai_shutochokka112.txt */; };
		926A11FD215B1D3E00ABE76D /* kinentai_shutochokka111.txt in Resources */ = {isa = PBXBuildFile; fileRef = 926A11F3215B1D3D00ABE76D /* kinentai_shutochokka111.txt */; };
		926A11FE215B1D3E00ABE76D /* kinentai_toukai111.txt in Resources */ = {isa = PBXBuildFile; fileRef = 926A11F4215B1D3D00ABE76D /* kinentai_toukai111.txt */; };
		926A11FF215B1D3E00ABE76D /* kinentai_nankaitraf111.txt in Resources */ = {isa = PBXBuildFile; fileRef = 926A11F5215B1D3D00ABE76D /* kinentai_nankaitraf111.txt */; };
		926A1200215B1D3E00ABE76D /* kinentai_toukai2.txt in Resources */ = {isa = PBXBuildFile; fileRef = 926A11F6215B1D3E00ABE76D /* kinentai_toukai2.txt */; };
		926A1201215B1D3E00ABE76D /* kinentai_toukai110.txt in Resources */ = {isa = PBXBuildFile; fileRef = 926A11F7215B1D3E00ABE76D /* kinentai_toukai110.txt */; };
		926A1202215B1D3E00ABE76D /* kinentai_nankaitraf110.txt in Resources */ = {isa = PBXBuildFile; fileRef = 926A11F8215B1D3E00ABE76D /* kinentai_nankaitraf110.txt */; };
		926A1203215B1D3E00ABE76D /* kinentai_nankaitraf112.txt in Resources */ = {isa = PBXBuildFile; fileRef = 926A11F9215B1D3E00ABE76D /* kinentai_nankaitraf112.txt */; };
		926A1204215B1D3E00ABE76D /* kinentai_toukai112.txt in Resources */ = {isa = PBXBuildFile; fileRef = 926A11FA215B1D3E00ABE76D /* kinentai_toukai112.txt */; };
		926A120E215B55DE00ABE76D /* FireEmergency.xcdatamodeld in Sources */ = {isa = PBXBuildFile; fileRef = 926A120C215B55DE00ABE76D /* FireEmergency.xcdatamodeld */; };
		926A1211215B5B1400ABE76D /* KinentaiToukai1.swift in Sources */ = {isa = PBXBuildFile; fileRef = 926A120F215B5B1300ABE76D /* KinentaiToukai1.swift */; };
		926A1212215B5B1400ABE76D /* KinentaiShutochokka1.swift in Sources */ = {isa = PBXBuildFile; fileRef = 926A1210215B5B1400ABE76D /* KinentaiShutochokka1.swift */; };
		E3236CDA2756289900FFC9B2 /* scrollpinch.png in Resources */ = {isa = PBXBuildFile; fileRef = E3236CD82756289900FFC9B2 /* scrollpinch.png */; };
		E38120CC2731432200DD9F25 /* otsunami.csv in Resources */ = {isa = PBXBuildFile; fileRef = E38120CB2731432200DD9F25 /* otsunami.csv */; };
		E3BAB7532766FFBC005DA822 /* kaiiki7.csv in Resources */ = {isa = PBXBuildFile; fileRef = E3BAB7522766FFBC005DA822 /* kaiiki7.csv */; };
		E3BAB7552766FFC4005DA822 /* kaiiki7_multi.csv in Resources */ = {isa = PBXBuildFile; fileRef = E3BAB7542766FFC4005DA822 /* kaiiki7_multi.csv */; };
		E3BAB7572766FFD3005DA822 /* kaiiki6strong.csv in Resources */ = {isa = PBXBuildFile; fileRef = E3BAB7562766FFD3005DA822 /* kaiiki6strong.csv */; };
		E3BAB7592767016F005DA822 /* kaiiki6strong_multi.csv in Resources */ = {isa = PBXBuildFile; fileRef = E3BAB7582767016F005DA822 /* kaiiki6strong_multi.csv */; };
		E3F5104E245307B9007A33E1 /* riku7.csv in Resources */ = {isa = PBXBuildFile; fileRef = E3F5104D245307B9007A33E1 /* riku7.csv */; };
		E3F5105024530B28007A33E1 /* riku6strong.csv in Resources */ = {isa = PBXBuildFile; fileRef = E3F5104F24530B27007A33E1 /* riku6strong.csv */; };
		E3F5105224530E09007A33E1 /* riku6weak.csv in Resources */ = {isa = PBXBuildFile; fileRef = E3F5105124530E09007A33E1 /* riku6weak.csv */; };
		E3F5105824531243007A33E1 /* kaiiki6weak.csv in Resources */ = {isa = PBXBuildFile; fileRef = E3F5105724531243007A33E1 /* kaiiki6weak.csv */; };
		E3F5105C245315EE007A33E1 /* hunka.csv in Resources */ = {isa = PBXBuildFile; fileRef = E3F5105B245315EE007A33E1 /* hunka.csv */; };
/* End PBXBuildFile section */

/* Begin PBXFileReference section */
		591B74F127F9339300D75BEF /* riku6weak_multi.csv */ = {isa = PBXFileReference; fileEncoding = 4; lastKnownFileType = text; path = riku6weak_multi.csv; sourceTree = "<group>"; };
		591B74F327F933A700D75BEF /* riku6strong_multi.csv */ = {isa = PBXFileReference; fileEncoding = 4; lastKnownFileType = text; path = riku6strong_multi.csv; sourceTree = "<group>"; };
		593C66881DCEB31500405F53 /* kokuminhogo1.txt */ = {isa = PBXFileReference; fileEncoding = 4; lastKnownFileType = text; path = kokuminhogo1.txt; sourceTree = "<group>"; };
		593C66891DCEB31500405F53 /* kokuminhogo2.txt */ = {isa = PBXFileReference; fileEncoding = 4; lastKnownFileType = text; path = kokuminhogo2.txt; sourceTree = "<group>"; };
		593C668A1DCEB31500405F53 /* kokuminhogo3.txt */ = {isa = PBXFileReference; fileEncoding = 4; lastKnownFileType = text; path = kokuminhogo3.txt; sourceTree = "<group>"; };
		593C668B1DCEB31500405F53 /* kokuminhogo4.txt */ = {isa = PBXFileReference; fileEncoding = 4; lastKnownFileType = text; path = kokuminhogo4.txt; sourceTree = "<group>"; };
		593C668C1DCEB31500405F53 /* kokuminhogo5.txt */ = {isa = PBXFileReference; fileEncoding = 4; lastKnownFileType = text; path = kokuminhogo5.txt; sourceTree = "<group>"; };
		594CA33F1DFD87C900FF8714 /* typhoon1.txt */ = {isa = PBXFileReference; fileEncoding = 4; lastKnownFileType = text; path = typhoon1.txt; sourceTree = "<group>"; };
		594DDA481D9747110078EE72 /* caution.txt */ = {isa = PBXFileReference; fileEncoding = 4; lastKnownFileType = text; path = caution.txt; sourceTree = "<group>"; };
		594DDA4A1D9F50D40078EE72 /* InfoDialog.swift */ = {isa = PBXFileReference; fileEncoding = 4; lastKnownFileType = sourcecode.swift; path = InfoDialog.swift; sourceTree = "<group>"; };
		5952337D1E741A2000FC8CE8 /* Guide5Dialog.swift */ = {isa = PBXFileReference; fileEncoding = 4; lastKnownFileType = sourcecode.swift; path = Guide5Dialog.swift; sourceTree = "<group>"; };
		5952337F1E741B2200FC8CE8 /* guide51.png */ = {isa = PBXFileReference; lastKnownFileType = image.png; path = guide51.png; sourceTree = "<group>"; };
		595233811E741B2800FC8CE8 /* guide52.png */ = {isa = PBXFileReference; lastKnownFileType = image.png; path = guide52.png; sourceTree = "<group>"; };
		595233831E741B2E00FC8CE8 /* guide53.png */ = {isa = PBXFileReference; lastKnownFileType = image.png; path = guide53.png; sourceTree = "<group>"; };
		5960D67F22056743005E512C /* KinentaiSelectDialog3.swift */ = {isa = PBXFileReference; lastKnownFileType = sourcecode.swift; path = KinentaiSelectDialog3.swift; sourceTree = "<group>"; };
		5960D6832205C384005E512C /* KinentaiResultDialog31.swift */ = {isa = PBXFileReference; lastKnownFileType = sourcecode.swift; path = KinentaiResultDialog31.swift; sourceTree = "<group>"; };
		5960D68522067431005E512C /* KinentaiResultDialog32.swift */ = {isa = PBXFileReference; lastKnownFileType = sourcecode.swift; path = KinentaiResultDialog32.swift; sourceTree = "<group>"; };
		5960D6872206AD2A005E512C /* KinentaiResultDialog33.swift */ = {isa = PBXFileReference; lastKnownFileType = sourcecode.swift; path = KinentaiResultDialog33.swift; sourceTree = "<group>"; };
		5960E6011E45F8D000D1917A /* FMDatabase.h */ = {isa = PBXFileReference; fileEncoding = 4; lastKnownFileType = sourcecode.c.h; path = FMDatabase.h; sourceTree = "<group>"; };
		5960E6021E45F8D000D1917A /* FMDatabase.m */ = {isa = PBXFileReference; fileEncoding = 4; lastKnownFileType = sourcecode.c.objc; path = FMDatabase.m; sourceTree = "<group>"; };
		5960E6031E45F8D000D1917A /* FMDatabaseAdditions.h */ = {isa = PBXFileReference; fileEncoding = 4; lastKnownFileType = sourcecode.c.h; path = FMDatabaseAdditions.h; sourceTree = "<group>"; };
		5960E6041E45F8D000D1917A /* FMDatabaseAdditions.m */ = {isa = PBXFileReference; fileEncoding = 4; lastKnownFileType = sourcecode.c.objc; path = FMDatabaseAdditions.m; sourceTree = "<group>"; };
		5960E6051E45F8D000D1917A /* FMDatabasePool.h */ = {isa = PBXFileReference; fileEncoding = 4; lastKnownFileType = sourcecode.c.h; path = FMDatabasePool.h; sourceTree = "<group>"; };
		5960E6061E45F8D000D1917A /* FMDatabasePool.m */ = {isa = PBXFileReference; fileEncoding = 4; lastKnownFileType = sourcecode.c.objc; path = FMDatabasePool.m; sourceTree = "<group>"; };
		5960E6071E45F8D000D1917A /* FMDatabaseQueue.h */ = {isa = PBXFileReference; fileEncoding = 4; lastKnownFileType = sourcecode.c.h; path = FMDatabaseQueue.h; sourceTree = "<group>"; };
		5960E6081E45F8D000D1917A /* FMDatabaseQueue.m */ = {isa = PBXFileReference; fileEncoding = 4; lastKnownFileType = sourcecode.c.objc; path = FMDatabaseQueue.m; sourceTree = "<group>"; };
		5960E6091E45F8D000D1917A /* FMDB.h */ = {isa = PBXFileReference; fileEncoding = 4; lastKnownFileType = sourcecode.c.h; path = FMDB.h; sourceTree = "<group>"; };
		5960E60A1E45F8D000D1917A /* FMResultSet.h */ = {isa = PBXFileReference; fileEncoding = 4; lastKnownFileType = sourcecode.c.h; path = FMResultSet.h; sourceTree = "<group>"; };
		5960E60B1E45F8D000D1917A /* FMResultSet.m */ = {isa = PBXFileReference; fileEncoding = 4; lastKnownFileType = sourcecode.c.objc; path = FMResultSet.m; sourceTree = "<group>"; };
		5960E60C1E45F8D000D1917A /* Info.plist */ = {isa = PBXFileReference; fileEncoding = 4; lastKnownFileType = text.plist.xml; path = Info.plist; sourceTree = "<group>"; };
		5960E6131E45FB4200D1917A /* libsqlite3.tbd */ = {isa = PBXFileReference; lastKnownFileType = "sourcecode.text-based-dylib-definition"; name = libsqlite3.tbd; path = usr/lib/libsqlite3.tbd; sourceTree = SDKROOT; };
		5960EB761E46BF1000D1917A /* Bridging-Header.h */ = {isa = PBXFileReference; lastKnownFileType = sourcecode.c.h; path = "Bridging-Header.h"; sourceTree = "<group>"; };
		5960EB771E46C52900D1917A /* DBHelper.swift */ = {isa = PBXFileReference; fileEncoding = 4; lastKnownFileType = sourcecode.swift; path = DBHelper.swift; sourceTree = "<group>"; };
		5960EB791E46C7BD00D1917A /* StringExtensions.swift */ = {isa = PBXFileReference; fileEncoding = 4; lastKnownFileType = sourcecode.swift; path = StringExtensions.swift; sourceTree = "<group>"; };
		59701BC1272E1FD100880366 /* KinentaiResultRialogMulti.swift */ = {isa = PBXFileReference; lastKnownFileType = sourcecode.swift; path = KinentaiResultRialogMulti.swift; sourceTree = "<group>"; };
		59701BC3272E5D3800880366 /* riku7_multi.csv */ = {isa = PBXFileReference; fileEncoding = 4; lastKnownFileType = text; path = riku7_multi.csv; sourceTree = "<group>"; };
		59701BCB272E5D6D00880366 /* kaiiki6weak_multi.csv */ = {isa = PBXFileReference; fileEncoding = 4; lastKnownFileType = text; path = kaiiki6weak_multi.csv; sourceTree = "<group>"; };
		59701BCF272E5D8C00880366 /* otsunami_multi.csv */ = {isa = PBXFileReference; fileEncoding = 4; lastKnownFileType = text; path = otsunami_multi.csv; sourceTree = "<group>"; };
		597FD1151E2113E50011ABB1 /* ViewController.swift */ = {isa = PBXFileReference; fileEncoding = 4; lastKnownFileType = sourcecode.swift; path = ViewController.swift; sourceTree = "<group>"; };
		597FD1171E21DB780011ABB1 /* typhoon_caution.txt */ = {isa = PBXFileReference; fileEncoding = 4; lastKnownFileType = text; path = typhoon_caution.txt; sourceTree = "<group>"; };
		597FD1191E21DB820011ABB1 /* kokuminhogo_caution.txt */ = {isa = PBXFileReference; fileEncoding = 4; lastKnownFileType = text; path = kokuminhogo_caution.txt; sourceTree = "<group>"; };
		597FD11B1E21E44C0011ABB1 /* KinentaiSelectDialog.swift */ = {isa = PBXFileReference; fileEncoding = 4; lastKnownFileType = sourcecode.swift; path = KinentaiSelectDialog.swift; sourceTree = "<group>"; };
		597FD11D1E29CD4D0011ABB1 /* KinentaiSelectDialog2.swift */ = {isa = PBXFileReference; fileEncoding = 4; lastKnownFileType = sourcecode.swift; path = KinentaiSelectDialog2.swift; sourceTree = "<group>"; };
		597FD11F1E2A7AAA0011ABB1 /* CustomUICollectionViewCell.swift */ = {isa = PBXFileReference; fileEncoding = 4; lastKnownFileType = sourcecode.swift; path = CustomUICollectionViewCell.swift; sourceTree = "<group>"; };
		597FD1211E2B1F4F0011ABB1 /* KinentaiResultDialog.swift */ = {isa = PBXFileReference; fileEncoding = 4; lastKnownFileType = sourcecode.swift; path = KinentaiResultDialog.swift; sourceTree = "<group>"; };
		597FD12F1E2BB4340011ABB1 /* nbc.csv */ = {isa = PBXFileReference; fileEncoding = 4; lastKnownFileType = text; path = nbc.csv; sourceTree = "<group>"; };
		597FD1351E2D0F0E0011ABB1 /* kinentai_tounankai.txt */ = {isa = PBXFileReference; fileEncoding = 4; lastKnownFileType = text; path = kinentai_tounankai.txt; sourceTree = "<group>"; };
		597FD1371E2D0F150011ABB1 /* kinentai_syutochokka.txt */ = {isa = PBXFileReference; fileEncoding = 4; lastKnownFileType = text; path = kinentai_syutochokka.txt; sourceTree = "<group>"; };
		597FD1391E2D0F1F0011ABB1 /* kinentai_toukai.txt */ = {isa = PBXFileReference; fileEncoding = 4; lastKnownFileType = text; path = kinentai_toukai.txt; sourceTree = "<group>"; };
		597FD13B1E2D0F550011ABB1 /* kinentai_nankaitraf.txt */ = {isa = PBXFileReference; fileEncoding = 4; lastKnownFileType = text; path = kinentai_nankaitraf.txt; sourceTree = "<group>"; };
		597FD13D1E2D0F620011ABB1 /* kinentai_nankaitraf2.txt */ = {isa = PBXFileReference; fileEncoding = 4; lastKnownFileType = text; path = kinentai_nankaitraf2.txt; sourceTree = "<group>"; };
		597FD13F1E2EF3CF0011ABB1 /* KinentaiNankaitraf1.swift */ = {isa = PBXFileReference; fileEncoding = 4; lastKnownFileType = sourcecode.swift; path = KinentaiNankaitraf1.swift; sourceTree = "<group>"; };
		597FD1411E2EF3EA0011ABB1 /* KinentaiNankaitraf2.swift */ = {isa = PBXFileReference; fileEncoding = 4; lastKnownFileType = sourcecode.swift; path = KinentaiNankaitraf2.swift; sourceTree = "<group>"; };
		597FD1431E2EFC290011ABB1 /* nankaitraf_case2.txt */ = {isa = PBXFileReference; fileEncoding = 4; lastKnownFileType = text; path = nankaitraf_case2.txt; sourceTree = "<group>"; };
		597FD1451E2F053F0011ABB1 /* BousainetDialog.swift */ = {isa = PBXFileReference; fileEncoding = 4; lastKnownFileType = sourcecode.swift; path = BousainetDialog.swift; sourceTree = "<group>"; };
		598AC8DB1D850AE6006842C8 /* Kinentai.app */ = {isa = PBXFileReference; explicitFileType = wrapper.application; includeInIndex = 0; path = Kinentai.app; sourceTree = BUILT_PRODUCTS_DIR; };
		598AC8DE1D850AE6006842C8 /* AppDelegate.swift */ = {isa = PBXFileReference; lastKnownFileType = sourcecode.swift; path = AppDelegate.swift; sourceTree = "<group>"; };
		598AC8E01D850AE6006842C8 /* KinentaiViewController.swift */ = {isa = PBXFileReference; lastKnownFileType = sourcecode.swift; path = KinentaiViewController.swift; sourceTree = "<group>"; };
		598AC8E31D850AE6006842C8 /* Base */ = {isa = PBXFileReference; lastKnownFileType = file.storyboard; name = Base; path = Base.lproj/Main.storyboard; sourceTree = "<group>"; };
		598AC8E81D850AE6006842C8 /* Assets.xcassets */ = {isa = PBXFileReference; lastKnownFileType = folder.assetcatalog; path = Assets.xcassets; sourceTree = "<group>"; };
		598AC8EB1D850AE6006842C8 /* Base */ = {isa = PBXFileReference; lastKnownFileType = file.storyboard; name = Base; path = Base.lproj/LaunchScreen.storyboard; sourceTree = "<group>"; };
		598AC8ED1D850AE6006842C8 /* Info.plist */ = {isa = PBXFileReference; lastKnownFileType = text.plist.xml; path = Info.plist; sourceTree = "<group>"; };
		599CBAB22712CE530005A151 /* KinentaiSelectDialog2Multi.swift */ = {isa = PBXFileReference; lastKnownFileType = sourcecode.swift; path = KinentaiSelectDialog2Multi.swift; sourceTree = "<group>"; };
		599CBAB42712D9960005A151 /* KinentaiSelectDialogSingleMultiple.swift */ = {isa = PBXFileReference; lastKnownFileType = sourcecode.swift; path = KinentaiSelectDialogSingleMultiple.swift; sourceTree = "<group>"; };
		59AC165F1E6267A100BBB28F /* GuideViewController.swift */ = {isa = PBXFileReference; fileEncoding = 4; lastKnownFileType = sourcecode.swift; path = GuideViewController.swift; sourceTree = "<group>"; };
		59AC16611E6BF80B00BBB28F /* purpose.txt */ = {isa = PBXFileReference; fileEncoding = 4; lastKnownFileType = text; path = purpose.txt; sourceTree = "<group>"; };
		59B7FC8D1E3AC07E002D4392 /* MessageUI.framework */ = {isa = PBXFileReference; lastKnownFileType = wrapper.framework; name = MessageUI.framework; path = System/Library/Frameworks/MessageUI.framework; sourceTree = SDKROOT; };
		59D8AEDA1E5090D400A3EDE2 /* kokuminhogo_keikakutaisyo.txt */ = {isa = PBXFileReference; fileEncoding = 4; lastKnownFileType = text; path = kokuminhogo_keikakutaisyo.txt; sourceTree = "<group>"; };
		59D8AEF41E6131C800A3EDE2 /* ic_check_box_outline_blank.png */ = {isa = PBXFileReference; lastKnownFileType = image.png; path = ic_check_box_outline_blank.png; sourceTree = "<group>"; };
		59D8AEF51E6131C800A3EDE2 /* ic_check_box.png */ = {isa = PBXFileReference; lastKnownFileType = image.png; path = ic_check_box.png; sourceTree = "<group>"; };
		59F6407124553AF200A39423 /* ViewController2.swift */ = {isa = PBXFileReference; fileEncoding = 4; lastKnownFileType = sourcecode.swift; path = ViewController2.swift; sourceTree = "<group>"; };
		926A11F1215B1D3D00ABE76D /* kinentai_shutochokka110.txt */ = {isa = PBXFileReference; fileEncoding = 4; lastKnownFileType = text; path = kinentai_shutochokka110.txt; sourceTree = "<group>"; };
		926A11F2215B1D3D00ABE76D /* kinentai_shutochokka112.txt */ = {isa = PBXFileReference; fileEncoding = 4; lastKnownFileType = text; path = kinentai_shutochokka112.txt; sourceTree = "<group>"; };
		926A11F3215B1D3D00ABE76D /* kinentai_shutochokka111.txt */ = {isa = PBXFileReference; fileEncoding = 4; lastKnownFileType = text; path = kinentai_shutochokka111.txt; sourceTree = "<group>"; };
		926A11F4215B1D3D00ABE76D /* kinentai_toukai111.txt */ = {isa = PBXFileReference; fileEncoding = 4; lastKnownFileType = text; path = kinentai_toukai111.txt; sourceTree = "<group>"; };
		926A11F5215B1D3D00ABE76D /* kinentai_nankaitraf111.txt */ = {isa = PBXFileReference; fileEncoding = 4; lastKnownFileType = text; path = kinentai_nankaitraf111.txt; sourceTree = "<group>"; };
		926A11F6215B1D3E00ABE76D /* kinentai_toukai2.txt */ = {isa = PBXFileReference; fileEncoding = 4; lastKnownFileType = text; path = kinentai_toukai2.txt; sourceTree = "<group>"; };
		926A11F7215B1D3E00ABE76D /* kinentai_toukai110.txt */ = {isa = PBXFileReference; fileEncoding = 4; lastKnownFileType = text; path = kinentai_toukai110.txt; sourceTree = "<group>"; };
		926A11F8215B1D3E00ABE76D /* kinentai_nankaitraf110.txt */ = {isa = PBXFileReference; fileEncoding = 4; lastKnownFileType = text; path = kinentai_nankaitraf110.txt; sourceTree = "<group>"; };
		926A11F9215B1D3E00ABE76D /* kinentai_nankaitraf112.txt */ = {isa = PBXFileReference; fileEncoding = 4; lastKnownFileType = text; path = kinentai_nankaitraf112.txt; sourceTree = "<group>"; };
		926A11FA215B1D3E00ABE76D /* kinentai_toukai112.txt */ = {isa = PBXFileReference; fileEncoding = 4; lastKnownFileType = text; path = kinentai_toukai112.txt; sourceTree = "<group>"; };
		926A120D215B55DE00ABE76D /* FireEmergency.xcdatamodel */ = {isa = PBXFileReference; lastKnownFileType = wrapper.xcdatamodel; path = FireEmergency.xcdatamodel; sourceTree = "<group>"; };
		926A120F215B5B1300ABE76D /* KinentaiToukai1.swift */ = {isa = PBXFileReference; fileEncoding = 4; lastKnownFileType = sourcecode.swift; path = KinentaiToukai1.swift; sourceTree = "<group>"; };
		926A1210215B5B1400ABE76D /* KinentaiShutochokka1.swift */ = {isa = PBXFileReference; fileEncoding = 4; lastKnownFileType = sourcecode.swift; path = KinentaiShutochokka1.swift; sourceTree = "<group>"; };
		E3236CD82756289900FFC9B2 /* scrollpinch.png */ = {isa = PBXFileReference; lastKnownFileType = image.png; path = scrollpinch.png; sourceTree = "<group>"; };
		E34F820D27FC4AE700408BB3 /* ja */ = {isa = PBXFileReference; lastKnownFileType = text.plist.strings; name = ja; path = ja.lproj/LaunchScreen.strings; sourceTree = "<group>"; };
		E34F820E27FC4AE700408BB3 /* ja */ = {isa = PBXFileReference; lastKnownFileType = text.plist.strings; name = ja; path = ja.lproj/Main.strings; sourceTree = "<group>"; };
		E38120CB2731432200DD9F25 /* otsunami.csv */ = {isa = PBXFileReference; fileEncoding = 4; lastKnownFileType = text; name = otsunami.csv; path = ../../FireEmergency/app/src/main/assets/otsunami.csv; sourceTree = "<group>"; };
		E3BAB7522766FFBC005DA822 /* kaiiki7.csv */ = {isa = PBXFileReference; fileEncoding = 4; lastKnownFileType = text; path = kaiiki7.csv; sourceTree = "<group>"; };
		E3BAB7542766FFC4005DA822 /* kaiiki7_multi.csv */ = {isa = PBXFileReference; fileEncoding = 4; lastKnownFileType = text; path = kaiiki7_multi.csv; sourceTree = "<group>"; };
		E3BAB7562766FFD3005DA822 /* kaiiki6strong.csv */ = {isa = PBXFileReference; fileEncoding = 4; lastKnownFileType = text; path = kaiiki6strong.csv; sourceTree = "<group>"; };
		E3BAB7582767016F005DA822 /* kaiiki6strong_multi.csv */ = {isa = PBXFileReference; fileEncoding = 4; lastKnownFileType = text; path = kaiiki6strong_multi.csv; sourceTree = "<group>"; };
		E3F5104D245307B9007A33E1 /* riku7.csv */ = {isa = PBXFileReference; fileEncoding = 4; lastKnownFileType = text; path = riku7.csv; sourceTree = "<group>"; };
		E3F5104F24530B27007A33E1 /* riku6strong.csv */ = {isa = PBXFileReference; fileEncoding = 4; lastKnownFileType = text; path = riku6strong.csv; sourceTree = "<group>"; };
		E3F5105124530E09007A33E1 /* riku6weak.csv */ = {isa = PBXFileReference; fileEncoding = 4; lastKnownFileType = text; path = riku6weak.csv; sourceTree = "<group>"; };
		E3F5105724531243007A33E1 /* kaiiki6weak.csv */ = {isa = PBXFileReference; fileEncoding = 4; lastKnownFileType = text; path = kaiiki6weak.csv; sourceTree = "<group>"; };
		E3F5105B245315EE007A33E1 /* hunka.csv */ = {isa = PBXFileReference; fileEncoding = 4; lastKnownFileType = text; path = hunka.csv; sourceTree = "<group>"; };
/* End PBXFileReference section */

/* Begin PBXFrameworksBuildPhase section */
		598AC8D81D850AE6006842C8 /* Frameworks */ = {
			isa = PBXFrameworksBuildPhase;
			buildActionMask = 2147483647;
			files = (
				5960E6141E45FB4200D1917A /* libsqlite3.tbd in Frameworks */,
				59B7FC8E1E3AC07E002D4392 /* MessageUI.framework in Frameworks */,
			);
			runOnlyForDeploymentPostprocessing = 0;
		};
/* End PBXFrameworksBuildPhase section */

/* Begin PBXGroup section */
		5960E6001E45F8D000D1917A /* fmdb */ = {
			isa = PBXGroup;
			children = (
				5960E6011E45F8D000D1917A /* FMDatabase.h */,
				5960E6021E45F8D000D1917A /* FMDatabase.m */,
				5960E6031E45F8D000D1917A /* FMDatabaseAdditions.h */,
				5960E6041E45F8D000D1917A /* FMDatabaseAdditions.m */,
				5960E6051E45F8D000D1917A /* FMDatabasePool.h */,
				5960E6061E45F8D000D1917A /* FMDatabasePool.m */,
				5960E6071E45F8D000D1917A /* FMDatabaseQueue.h */,
				5960E6081E45F8D000D1917A /* FMDatabaseQueue.m */,
				5960E6091E45F8D000D1917A /* FMDB.h */,
				5960E60A1E45F8D000D1917A /* FMResultSet.h */,
				5960E60B1E45F8D000D1917A /* FMResultSet.m */,
				5960E60C1E45F8D000D1917A /* Info.plist */,
			);
			name = fmdb;
			path = ../fmdb;
			sourceTree = "<group>";
		};
		598AC8D21D850AE6006842C8 = {
			isa = PBXGroup;
			children = (
				598AC8DD1D850AE6006842C8 /* FireEmergency */,
				598AC8DC1D850AE6006842C8 /* Products */,
				59B7FC8C1E3AC07E002D4392 /* Frameworks */,
			);
			sourceTree = "<group>";
		};
		598AC8DC1D850AE6006842C8 /* Products */ = {
			isa = PBXGroup;
			children = (
				598AC8DB1D850AE6006842C8 /* Kinentai.app */,
			);
			name = Products;
			sourceTree = "<group>";
		};
		598AC8DD1D850AE6006842C8 /* FireEmergency */ = {
			isa = PBXGroup;
			children = (
				926A120C215B55DE00ABE76D /* FireEmergency.xcdatamodeld */,
				E3F5104D245307B9007A33E1 /* riku7.csv */,
				59701BC3272E5D3800880366 /* riku7_multi.csv */,
				E3F5104F24530B27007A33E1 /* riku6strong.csv */,
				591B74F127F9339300D75BEF /* riku6weak_multi.csv */,
				591B74F327F933A700D75BEF /* riku6strong_multi.csv */,
				E3F5105124530E09007A33E1 /* riku6weak.csv */,
				E3BAB7522766FFBC005DA822 /* kaiiki7.csv */,
				E3BAB7542766FFC4005DA822 /* kaiiki7_multi.csv */,
				E3BAB7562766FFD3005DA822 /* kaiiki6strong.csv */,
				E3BAB7582767016F005DA822 /* kaiiki6strong_multi.csv */,
				E3F5105724531243007A33E1 /* kaiiki6weak.csv */,
				59701BCB272E5D6D00880366 /* kaiiki6weak_multi.csv */,
				E38120CB2731432200DD9F25 /* otsunami.csv */,
				59701BCF272E5D8C00880366 /* otsunami_multi.csv */,
				E3F5105B245315EE007A33E1 /* hunka.csv */,
				597FD12F1E2BB4340011ABB1 /* nbc.csv */,
				5960EB761E46BF1000D1917A /* Bridging-Header.h */,
				598AC8ED1D850AE6006842C8 /* Info.plist */,
				5952337F1E741B2200FC8CE8 /* guide51.png */,
				595233811E741B2800FC8CE8 /* guide52.png */,
				595233831E741B2E00FC8CE8 /* guide53.png */,
				59D8AEF41E6131C800A3EDE2 /* ic_check_box_outline_blank.png */,
				59D8AEF51E6131C800A3EDE2 /* ic_check_box.png */,
				E3236CD82756289900FFC9B2 /* scrollpinch.png */,
				598AC8DE1D850AE6006842C8 /* AppDelegate.swift */,
				597FD11F1E2A7AAA0011ABB1 /* CustomUICollectionViewCell.swift */,
				5960EB771E46C52900D1917A /* DBHelper.swift */,
				5960EB791E46C7BD00D1917A /* StringExtensions.swift */,
				597FD1151E2113E50011ABB1 /* ViewController.swift */,
				59F6407124553AF200A39423 /* ViewController2.swift */,
				598AC8E01D850AE6006842C8 /* KinentaiViewController.swift */,
				597FD11B1E21E44C0011ABB1 /* KinentaiSelectDialog.swift */,
				599CBAB42712D9960005A151 /* KinentaiSelectDialogSingleMultiple.swift */,
				599CBAB22712CE530005A151 /* KinentaiSelectDialog2Multi.swift */,
				597FD11D1E29CD4D0011ABB1 /* KinentaiSelectDialog2.swift */,
				597FD1211E2B1F4F0011ABB1 /* KinentaiResultDialog.swift */,
				59701BC1272E1FD100880366 /* KinentaiResultRialogMulti.swift */,
				926A120F215B5B1300ABE76D /* KinentaiToukai1.swift */,
				926A1210215B5B1400ABE76D /* KinentaiShutochokka1.swift */,
				597FD13F1E2EF3CF0011ABB1 /* KinentaiNankaitraf1.swift */,
				597FD1411E2EF3EA0011ABB1 /* KinentaiNankaitraf2.swift */,
				5960D67F22056743005E512C /* KinentaiSelectDialog3.swift */,
				5960D6832205C384005E512C /* KinentaiResultDialog31.swift */,
				5960D68522067431005E512C /* KinentaiResultDialog32.swift */,
				5960D6872206AD2A005E512C /* KinentaiResultDialog33.swift */,
				594DDA4A1D9F50D40078EE72 /* InfoDialog.swift */,
				597FD1451E2F053F0011ABB1 /* BousainetDialog.swift */,
				59AC165F1E6267A100BBB28F /* GuideViewController.swift */,
				5952337D1E741A2000FC8CE8 /* Guide5Dialog.swift */,
				594DDA481D9747110078EE72 /* caution.txt */,
				597FD13B1E2D0F550011ABB1 /* kinentai_nankaitraf.txt */,
				597FD13D1E2D0F620011ABB1 /* kinentai_nankaitraf2.txt */,
				926A11F8215B1D3E00ABE76D /* kinentai_nankaitraf110.txt */,
				926A11F5215B1D3D00ABE76D /* kinentai_nankaitraf111.txt */,
				926A11F9215B1D3E00ABE76D /* kinentai_nankaitraf112.txt */,
				926A11F1215B1D3D00ABE76D /* kinentai_shutochokka110.txt */,
				926A11F3215B1D3D00ABE76D /* kinentai_shutochokka111.txt */,
				926A11F2215B1D3D00ABE76D /* kinentai_shutochokka112.txt */,
				597FD1371E2D0F150011ABB1 /* kinentai_syutochokka.txt */,
				597FD1391E2D0F1F0011ABB1 /* kinentai_toukai.txt */,
				926A11F6215B1D3E00ABE76D /* kinentai_toukai2.txt */,
				926A11F7215B1D3E00ABE76D /* kinentai_toukai110.txt */,
				926A11F4215B1D3D00ABE76D /* kinentai_toukai111.txt */,
				926A11FA215B1D3E00ABE76D /* kinentai_toukai112.txt */,
				597FD1351E2D0F0E0011ABB1 /* kinentai_tounankai.txt */,
				597FD1191E21DB820011ABB1 /* kokuminhogo_caution.txt */,
				59D8AEDA1E5090D400A3EDE2 /* kokuminhogo_keikakutaisyo.txt */,
				593C66881DCEB31500405F53 /* kokuminhogo1.txt */,
				593C66891DCEB31500405F53 /* kokuminhogo2.txt */,
				593C668A1DCEB31500405F53 /* kokuminhogo3.txt */,
				593C668B1DCEB31500405F53 /* kokuminhogo4.txt */,
				593C668C1DCEB31500405F53 /* kokuminhogo5.txt */,
				597FD1431E2EFC290011ABB1 /* nankaitraf_case2.txt */,
				59AC16611E6BF80B00BBB28F /* purpose.txt */,
				597FD1171E21DB780011ABB1 /* typhoon_caution.txt */,
				594CA33F1DFD87C900FF8714 /* typhoon1.txt */,
				598AC8E81D850AE6006842C8 /* Assets.xcassets */,
				5960E6001E45F8D000D1917A /* fmdb */,
				598AC8EA1D850AE6006842C8 /* LaunchScreen.storyboard */,
				598AC8E21D850AE6006842C8 /* Main.storyboard */,
			);
			path = FireEmergency;
			sourceTree = "<group>";
		};
		59B7FC8C1E3AC07E002D4392 /* Frameworks */ = {
			isa = PBXGroup;
			children = (
				5960E6131E45FB4200D1917A /* libsqlite3.tbd */,
				59B7FC8D1E3AC07E002D4392 /* MessageUI.framework */,
			);
			name = Frameworks;
			sourceTree = "<group>";
		};
/* End PBXGroup section */

/* Begin PBXNativeTarget section */
		598AC8DA1D850AE6006842C8 /* Kinentai */ = {
			isa = PBXNativeTarget;
			buildConfigurationList = 598AC8F01D850AE6006842C8 /* Build configuration list for PBXNativeTarget "Kinentai" */;
			buildPhases = (
				598AC8D71D850AE6006842C8 /* Sources */,
				598AC8D81D850AE6006842C8 /* Frameworks */,
				598AC8D91D850AE6006842C8 /* Resources */,
			);
			buildRules = (
			);
			dependencies = (
			);
			name = Kinentai;
			productName = FireEmergency;
			productReference = 598AC8DB1D850AE6006842C8 /* Kinentai.app */;
			productType = "com.apple.product-type.application";
		};
/* End PBXNativeTarget section */

/* Begin PBXProject section */
		598AC8D31D850AE6006842C8 /* Project object */ = {
			isa = PBXProject;
			attributes = {
				LastSwiftUpdateCheck = 0730;
				LastUpgradeCheck = 1300;
				ORGANIZATIONNAME = "tadakazu nakamichi";
				TargetAttributes = {
					598AC8DA1D850AE6006842C8 = {
						CreatedOnToolsVersion = 7.3;
						DevelopmentTeam = 5KN5LH8VNC;
						LastSwiftMigration = 0830;
					};
				};
			};
			buildConfigurationList = 598AC8D61D850AE6006842C8 /* Build configuration list for PBXProject "FireEmergency" */;
			compatibilityVersion = "Xcode 3.2";
			developmentRegion = en;
			hasScannedForEncodings = 0;
			knownRegions = (
				en,
				Base,
				ja,
			);
			mainGroup = 598AC8D21D850AE6006842C8;
			productRefGroup = 598AC8DC1D850AE6006842C8 /* Products */;
			projectDirPath = "";
			projectRoot = "";
			targets = (
				598AC8DA1D850AE6006842C8 /* Kinentai */,
			);
		};
/* End PBXProject section */

/* Begin PBXResourcesBuildPhase section */
		598AC8D91D850AE6006842C8 /* Resources */ = {
			isa = PBXResourcesBuildPhase;
			buildActionMask = 2147483647;
			files = (
				591B74F427F933A700D75BEF /* riku6strong_multi.csv in Resources */,
				597FD1361E2D0F0E0011ABB1 /* kinentai_tounankai.txt in Resources */,
				597FD1341E2BB4340011ABB1 /* nbc.csv in Resources */,
				594DDA491D9747110078EE72 /* caution.txt in Resources */,
				926A1201215B1D3E00ABE76D /* kinentai_toukai110.txt in Resources */,
				593C668D1DCEB31500405F53 /* kokuminhogo1.txt in Resources */,
				593C66911DCEB31500405F53 /* kokuminhogo5.txt in Resources */,
				595233821E741B2800FC8CE8 /* guide52.png in Resources */,
				E3F5105C245315EE007A33E1 /* hunka.csv in Resources */,
				926A11FE215B1D3E00ABE76D /* kinentai_toukai111.txt in Resources */,
				591B74F227F9339300D75BEF /* riku6weak_multi.csv in Resources */,
				59701BD0272E5D8C00880366 /* otsunami_multi.csv in Resources */,
				59AC16621E6BF80B00BBB28F /* purpose.txt in Resources */,
				598AC8EC1D850AE6006842C8 /* LaunchScreen.storyboard in Resources */,
				598AC8E91D850AE6006842C8 /* Assets.xcassets in Resources */,
				E38120CC2731432200DD9F25 /* otsunami.csv in Resources */,
				595233801E741B2200FC8CE8 /* guide51.png in Resources */,
				597FD13E1E2D0F620011ABB1 /* kinentai_nankaitraf2.txt in Resources */,
				593C668F1DCEB31500405F53 /* kokuminhogo3.txt in Resources */,
				E3F5105224530E09007A33E1 /* riku6weak.csv in Resources */,
				E3BAB7572766FFD3005DA822 /* kaiiki6strong.csv in Resources */,
				926A11FF215B1D3E00ABE76D /* kinentai_nankaitraf111.txt in Resources */,
				59701BCC272E5D6D00880366 /* kaiiki6weak_multi.csv in Resources */,
				926A1202215B1D3E00ABE76D /* kinentai_nankaitraf110.txt in Resources */,
				926A11FD215B1D3E00ABE76D /* kinentai_shutochokka111.txt in Resources */,
				E3BAB7552766FFC4005DA822 /* kaiiki7_multi.csv in Resources */,
				59701BC4272E5D3800880366 /* riku7_multi.csv in Resources */,
				594CA3401DFD87C900FF8714 /* typhoon1.txt in Resources */,
				59D8AEDB1E5090D400A3EDE2 /* kokuminhogo_keikakutaisyo.txt in Resources */,
				926A1204215B1D3E00ABE76D /* kinentai_toukai112.txt in Resources */,
				926A1203215B1D3E00ABE76D /* kinentai_nankaitraf112.txt in Resources */,
				E3F5104E245307B9007A33E1 /* riku7.csv in Resources */,
				926A11FB215B1D3E00ABE76D /* kinentai_shutochokka110.txt in Resources */,
				926A1200215B1D3E00ABE76D /* kinentai_toukai2.txt in Resources */,
				597FD1181E21DB780011ABB1 /* typhoon_caution.txt in Resources */,
				E3236CDA2756289900FFC9B2 /* scrollpinch.png in Resources */,
				597FD1441E2EFC290011ABB1 /* nankaitraf_case2.txt in Resources */,
				E3F5105024530B28007A33E1 /* riku6strong.csv in Resources */,
				E3BAB7592767016F005DA822 /* kaiiki6strong_multi.csv in Resources */,
				593C66901DCEB31500405F53 /* kokuminhogo4.txt in Resources */,
				597FD13C1E2D0F550011ABB1 /* kinentai_nankaitraf.txt in Resources */,
				598AC8E41D850AE6006842C8 /* Main.storyboard in Resources */,
				597FD11A1E21DB820011ABB1 /* kokuminhogo_caution.txt in Resources */,
				595233841E741B2E00FC8CE8 /* guide53.png in Resources */,
				597FD13A1E2D0F1F0011ABB1 /* kinentai_toukai.txt in Resources */,
				E3F5105824531243007A33E1 /* kaiiki6weak.csv in Resources */,
				926A11FC215B1D3E00ABE76D /* kinentai_shutochokka112.txt in Resources */,
				E3BAB7532766FFBC005DA822 /* kaiiki7.csv in Resources */,
				59D8AEF71E6131C800A3EDE2 /* ic_check_box.png in Resources */,
				59D8AEF61E6131C800A3EDE2 /* ic_check_box_outline_blank.png in Resources */,
				593C668E1DCEB31500405F53 /* kokuminhogo2.txt in Resources */,
				597FD1381E2D0F150011ABB1 /* kinentai_syutochokka.txt in Resources */,
			);
			runOnlyForDeploymentPostprocessing = 0;
		};
/* End PBXResourcesBuildPhase section */

/* Begin PBXSourcesBuildPhase section */
		598AC8D71D850AE6006842C8 /* Sources */ = {
			isa = PBXSourcesBuildPhase;
			buildActionMask = 2147483647;
			files = (
				597FD1221E2B1F4F0011ABB1 /* KinentaiResultDialog.swift in Sources */,
				594DDA4B1D9F50D40078EE72 /* InfoDialog.swift in Sources */,
				597FD1201E2A7AAA0011ABB1 /* CustomUICollectionViewCell.swift in Sources */,
				5960E60F1E45F8D000D1917A /* FMDatabasePool.m in Sources */,
				5952337E1E741A2000FC8CE8 /* Guide5Dialog.swift in Sources */,
				5960E6101E45F8D000D1917A /* FMDatabaseQueue.m in Sources */,
				5960EB7A1E46C7BD00D1917A /* StringExtensions.swift in Sources */,
				926A1211215B5B1400ABE76D /* KinentaiToukai1.swift in Sources */,
				597FD1461E2F053F0011ABB1 /* BousainetDialog.swift in Sources */,
				597FD11E1E29CD4D0011ABB1 /* KinentaiSelectDialog2.swift in Sources */,
				5960E6111E45F8D000D1917A /* FMResultSet.m in Sources */,
				926A120E215B55DE00ABE76D /* FireEmergency.xcdatamodeld in Sources */,
				599CBAB32712CE530005A151 /* KinentaiSelectDialog2Multi.swift in Sources */,
				597FD1421E2EF3EA0011ABB1 /* KinentaiNankaitraf2.swift in Sources */,
				5960D6882206AD2A005E512C /* KinentaiResultDialog33.swift in Sources */,
				5960EB781E46C52900D1917A /* DBHelper.swift in Sources */,
				5960E60D1E45F8D000D1917A /* FMDatabase.m in Sources */,
				59AC16601E6267A100BBB28F /* GuideViewController.swift in Sources */,
				598AC8E11D850AE6006842C8 /* KinentaiViewController.swift in Sources */,
				597FD11C1E21E44C0011ABB1 /* KinentaiSelectDialog.swift in Sources */,
				926A1212215B5B1400ABE76D /* KinentaiShutochokka1.swift in Sources */,
				5960D68022056743005E512C /* KinentaiSelectDialog3.swift in Sources */,
				599CBAB52712D9960005A151 /* KinentaiSelectDialogSingleMultiple.swift in Sources */,
				598AC8DF1D850AE6006842C8 /* AppDelegate.swift in Sources */,
				5960E60E1E45F8D000D1917A /* FMDatabaseAdditions.m in Sources */,
				5960D6842205C384005E512C /* KinentaiResultDialog31.swift in Sources */,
				597FD1401E2EF3CF0011ABB1 /* KinentaiNankaitraf1.swift in Sources */,
				59701BC2272E1FD100880366 /* KinentaiResultRialogMulti.swift in Sources */,
				59F6407224553AF200A39423 /* ViewController2.swift in Sources */,
				5960D68622067431005E512C /* KinentaiResultDialog32.swift in Sources */,
				597FD1161E2113E50011ABB1 /* ViewController.swift in Sources */,
			);
			runOnlyForDeploymentPostprocessing = 0;
		};
/* End PBXSourcesBuildPhase section */

/* Begin PBXVariantGroup section */
		598AC8E21D850AE6006842C8 /* Main.storyboard */ = {
			isa = PBXVariantGroup;
			children = (
				598AC8E31D850AE6006842C8 /* Base */,
				E34F820E27FC4AE700408BB3 /* ja */,
			);
			name = Main.storyboard;
			sourceTree = "<group>";
		};
		598AC8EA1D850AE6006842C8 /* LaunchScreen.storyboard */ = {
			isa = PBXVariantGroup;
			children = (
				598AC8EB1D850AE6006842C8 /* Base */,
				E34F820D27FC4AE700408BB3 /* ja */,
			);
			name = LaunchScreen.storyboard;
			sourceTree = "<group>";
		};
/* End PBXVariantGroup section */

/* Begin XCBuildConfiguration section */
		598AC8EE1D850AE6006842C8 /* Debug */ = {
			isa = XCBuildConfiguration;
			buildSettings = {
				ALWAYS_SEARCH_USER_PATHS = NO;
				CLANG_ANALYZER_LOCALIZABILITY_NONLOCALIZED = YES;
				CLANG_ANALYZER_NONNULL = YES;
				CLANG_CXX_LANGUAGE_STANDARD = "gnu++0x";
				CLANG_CXX_LIBRARY = "libc++";
				CLANG_ENABLE_MODULES = YES;
				CLANG_ENABLE_OBJC_ARC = YES;
				CLANG_WARN_BLOCK_CAPTURE_AUTORELEASING = YES;
				CLANG_WARN_BOOL_CONVERSION = YES;
				CLANG_WARN_COMMA = YES;
				CLANG_WARN_CONSTANT_CONVERSION = YES;
				CLANG_WARN_DEPRECATED_OBJC_IMPLEMENTATIONS = YES;
				CLANG_WARN_DIRECT_OBJC_ISA_USAGE = YES_ERROR;
				CLANG_WARN_EMPTY_BODY = YES;
				CLANG_WARN_ENUM_CONVERSION = YES;
				CLANG_WARN_INFINITE_RECURSION = YES;
				CLANG_WARN_INT_CONVERSION = YES;
				CLANG_WARN_NON_LITERAL_NULL_CONVERSION = YES;
				CLANG_WARN_OBJC_IMPLICIT_RETAIN_SELF = YES;
				CLANG_WARN_OBJC_LITERAL_CONVERSION = YES;
				CLANG_WARN_OBJC_ROOT_CLASS = YES_ERROR;
				CLANG_WARN_QUOTED_INCLUDE_IN_FRAMEWORK_HEADER = YES;
				CLANG_WARN_RANGE_LOOP_ANALYSIS = YES;
				CLANG_WARN_STRICT_PROTOTYPES = YES;
				CLANG_WARN_SUSPICIOUS_MOVE = YES;
				CLANG_WARN_UNREACHABLE_CODE = YES;
				CLANG_WARN__DUPLICATE_METHOD_MATCH = YES;
				CODE_SIGN_IDENTITY = "iPhone Developer";
				"CODE_SIGN_IDENTITY[sdk=iphoneos*]" = "iPhone Developer";
				COPY_PHASE_STRIP = NO;
				DEBUG_INFORMATION_FORMAT = dwarf;
				DEVELOPMENT_TEAM = XSUE867SN9;
				ENABLE_STRICT_OBJC_MSGSEND = YES;
				ENABLE_TESTABILITY = YES;
				GCC_C_LANGUAGE_STANDARD = gnu99;
				GCC_DYNAMIC_NO_PIC = NO;
				GCC_NO_COMMON_BLOCKS = YES;
				GCC_OPTIMIZATION_LEVEL = 0;
				GCC_PREPROCESSOR_DEFINITIONS = (
					"DEBUG=1",
					"$(inherited)",
				);
				GCC_WARN_64_TO_32_BIT_CONVERSION = YES;
				GCC_WARN_ABOUT_RETURN_TYPE = YES_ERROR;
				GCC_WARN_UNDECLARED_SELECTOR = YES;
				GCC_WARN_UNINITIALIZED_AUTOS = YES_AGGRESSIVE;
				GCC_WARN_UNUSED_FUNCTION = YES;
				GCC_WARN_UNUSED_VARIABLE = YES;
				IPHONEOS_DEPLOYMENT_TARGET = 12.0;
				MTL_ENABLE_DEBUG_INFO = YES;
				ONLY_ACTIVE_ARCH = YES;
				SDKROOT = iphoneos;
				SWIFT_OBJC_BRIDGING_HEADER = "$(SRCROOT)/$(PROJECT)/Bridging-Header.h";
				SWIFT_OPTIMIZATION_LEVEL = "-Onone";
				SWIFT_VERSION = 2.3;
				TARGETED_DEVICE_FAMILY = "1,2";
			};
			name = Debug;
		};
		598AC8EF1D850AE6006842C8 /* Release */ = {
			isa = XCBuildConfiguration;
			buildSettings = {
				ALWAYS_SEARCH_USER_PATHS = NO;
				CLANG_ANALYZER_LOCALIZABILITY_NONLOCALIZED = YES;
				CLANG_ANALYZER_NONNULL = YES;
				CLANG_CXX_LANGUAGE_STANDARD = "gnu++0x";
				CLANG_CXX_LIBRARY = "libc++";
				CLANG_ENABLE_MODULES = YES;
				CLANG_ENABLE_OBJC_ARC = YES;
				CLANG_WARN_BLOCK_CAPTURE_AUTORELEASING = YES;
				CLANG_WARN_BOOL_CONVERSION = YES;
				CLANG_WARN_COMMA = YES;
				CLANG_WARN_CONSTANT_CONVERSION = YES;
				CLANG_WARN_DEPRECATED_OBJC_IMPLEMENTATIONS = YES;
				CLANG_WARN_DIRECT_OBJC_ISA_USAGE = YES_ERROR;
				CLANG_WARN_EMPTY_BODY = YES;
				CLANG_WARN_ENUM_CONVERSION = YES;
				CLANG_WARN_INFINITE_RECURSION = YES;
				CLANG_WARN_INT_CONVERSION = YES;
				CLANG_WARN_NON_LITERAL_NULL_CONVERSION = YES;
				CLANG_WARN_OBJC_IMPLICIT_RETAIN_SELF = YES;
				CLANG_WARN_OBJC_LITERAL_CONVERSION = YES;
				CLANG_WARN_OBJC_ROOT_CLASS = YES_ERROR;
				CLANG_WARN_QUOTED_INCLUDE_IN_FRAMEWORK_HEADER = YES;
				CLANG_WARN_RANGE_LOOP_ANALYSIS = YES;
				CLANG_WARN_STRICT_PROTOTYPES = YES;
				CLANG_WARN_SUSPICIOUS_MOVE = YES;
				CLANG_WARN_UNREACHABLE_CODE = YES;
				CLANG_WARN__DUPLICATE_METHOD_MATCH = YES;
				CODE_SIGN_IDENTITY = "iPhone Developer";
				"CODE_SIGN_IDENTITY[sdk=iphoneos*]" = "iPhone Developer";
				COPY_PHASE_STRIP = NO;
				DEBUG_INFORMATION_FORMAT = "dwarf-with-dsym";
				DEVELOPMENT_TEAM = XSUE867SN9;
				ENABLE_NS_ASSERTIONS = NO;
				ENABLE_STRICT_OBJC_MSGSEND = YES;
				GCC_C_LANGUAGE_STANDARD = gnu99;
				GCC_NO_COMMON_BLOCKS = YES;
				GCC_WARN_64_TO_32_BIT_CONVERSION = YES;
				GCC_WARN_ABOUT_RETURN_TYPE = YES_ERROR;
				GCC_WARN_UNDECLARED_SELECTOR = YES;
				GCC_WARN_UNINITIALIZED_AUTOS = YES_AGGRESSIVE;
				GCC_WARN_UNUSED_FUNCTION = YES;
				GCC_WARN_UNUSED_VARIABLE = YES;
				IPHONEOS_DEPLOYMENT_TARGET = 12.0;
				MTL_ENABLE_DEBUG_INFO = NO;
				ONLY_ACTIVE_ARCH = NO;
				SDKROOT = iphoneos;
				SWIFT_COMPILATION_MODE = wholemodule;
				SWIFT_OBJC_BRIDGING_HEADER = "$(SRCROOT)/$(PROJECT)/Bridging-Header.h";
				SWIFT_VERSION = 2.3;
				TARGETED_DEVICE_FAMILY = "1,2";
				VALIDATE_PRODUCT = YES;
			};
			name = Release;
		};
		598AC8F11D850AE6006842C8 /* Debug */ = {
			isa = XCBuildConfiguration;
			buildSettings = {
				ASSETCATALOG_COMPILER_APPICON_NAME = AppIcon;
				CODE_SIGN_IDENTITY = "iPhone Developer";
				"CODE_SIGN_IDENTITY[sdk=iphoneos*]" = "iPhone Developer";
				CURRENT_PROJECT_VERSION = 1;
				DEVELOPMENT_TEAM = 5KN5LH8VNC;
				INFOPLIST_FILE = FireEmergency/Info.plist;
				IPHONEOS_DEPLOYMENT_TARGET = 12.0;
				LD_RUNPATH_SEARCH_PATHS = "$(inherited) @executable_path/Frameworks";
				MARKETING_VERSION = 2;
				PRODUCT_BUNDLE_IDENTIFIER = com.osakacity.kinentai;
				PRODUCT_NAME = Kinentai;
				PROVISIONING_PROFILE = "";
				SWIFT_OBJC_BRIDGING_HEADER = "$(SRCROOT)/$(PROJECT)/Bridging-Header.h";
				SWIFT_VERSION = 5.0;
			};
			name = Debug;
		};
		598AC8F21D850AE6006842C8 /* Release */ = {
			isa = XCBuildConfiguration;
			buildSettings = {
				ASSETCATALOG_COMPILER_APPICON_NAME = AppIcon;
				CODE_SIGN_IDENTITY = "iPhone Developer";
				"CODE_SIGN_IDENTITY[sdk=iphoneos*]" = "iPhone Developer";
				CURRENT_PROJECT_VERSION = 1;
				DEVELOPMENT_TEAM = 5KN5LH8VNC;
				INFOPLIST_FILE = FireEmergency/Info.plist;
				IPHONEOS_DEPLOYMENT_TARGET = 12.0;
				LD_RUNPATH_SEARCH_PATHS = "$(inherited) @executable_path/Frameworks";
				MARKETING_VERSION = 2;
				PRODUCT_BUNDLE_IDENTIFIER = com.osakacity.kinentai;
				PRODUCT_NAME = Kinentai;
				PROVISIONING_PROFILE = "";
				SWIFT_OBJC_BRIDGING_HEADER = "$(SRCROOT)/$(PROJECT)/Bridging-Header.h";
				SWIFT_VERSION = 5.0;
			};
			name = Release;
		};
/* End XCBuildConfiguration section */

/* Begin XCConfigurationList section */
		598AC8D61D850AE6006842C8 /* Build configuration list for PBXProject "FireEmergency" */ = {
			isa = XCConfigurationList;
			buildConfigurations = (
				598AC8EE1D850AE6006842C8 /* Debug */,
				598AC8EF1D850AE6006842C8 /* Release */,
			);
			defaultConfigurationIsVisible = 0;
			defaultConfigurationName = Release;
		};
		598AC8F01D850AE6006842C8 /* Build configuration list for PBXNativeTarget "Kinentai" */ = {
			isa = XCConfigurationList;
			buildConfigurations = (
				598AC8F11D850AE6006842C8 /* Debug */,
				598AC8F21D850AE6006842C8 /* Release */,
			);
			defaultConfigurationIsVisible = 0;
			defaultConfigurationName = Release;
		};
/* End XCConfigurationList section */

/* Begin XCVersionGroup section */
		926A120C215B55DE00ABE76D /* FireEmergency.xcdatamodeld */ = {
			isa = XCVersionGroup;
			children = (
				926A120D215B55DE00ABE76D /* FireEmergency.xcdatamodel */,
			);
			currentVersion = 926A120D215B55DE00ABE76D /* FireEmergency.xcdatamodel */;
			path = FireEmergency.xcdatamodeld;
			sourceTree = "<group>";
			versionGroupType = wrapper.xcdatamodel;
		};
/* End XCVersionGroup section */
	};
	rootObject = 598AC8D31D850AE6006842C8 /* Project object */;
}
